
Microsoft Visual Studio Solution File, Format Version 12.00
# Visual Studio Version 16
VisualStudioVersion = 16.0.31624.102
MinimumVisualStudioVersion = 10.0.40219.1
Project("{FAE04EC0-301F-11D3-BF4B-00C04F79EFBC}") = "CollectionViewDataBinding.Android", "CollectionViewDataBinding.Android\CollectionViewDataBinding.Android.csproj", "{0BCCC5EF-1598-4EBC-8F8B-74BD1DAD1E80}"
EndProject
Project("{FAE04EC0-301F-11D3-BF4B-00C04F79EFBC}") = "CollectionViewDataBinding.iOS", "CollectionViewDataBinding.iOS\CollectionViewDataBinding.iOS.csproj", "{2FBB224D-1252-4070-95EC-D7E33AC690BA}"
EndProject
Project("{FAE04EC0-301F-11D3-BF4B-00C04F79EFBC}") = "CollectionViewDataBinding", "CollectionViewDataBinding\CollectionViewDataBinding.csproj", "{D3914833-7A0E-4717-B399-5B74005FC013}"
EndProject
Global
	GlobalSection(SolutionConfigurationPlatforms) = preSolution
		Debug|Any CPU = Debug|Any CPU
		Debug|iPhone = Debug|iPhone
		Debug|iPhoneSimulator = Debug|iPhoneSimulator
		Release|Any CPU = Release|Any CPU
		Release|iPhone = Release|iPhone
		Release|iPhoneSimulator = Release|iPhoneSimulator
	EndGlobalSection
	GlobalSection(ProjectConfigurationPlatforms) = postSolution
		{0BCCC5EF-1598-4EBC-8F8B-74BD1DAD1E80}.Debug|Any CPU.ActiveCfg = Debug|Any CPU
		{0BCCC5EF-1598-4EBC-8F8B-74BD1DAD1E80}.Debug|Any CPU.Build.0 = Debug|Any CPU
		{0BCCC5EF-1598-4EBC-8F8B-74BD1DAD1E80}.Debug|Any CPU.Deploy.0 = Debug|Any CPU
		{0BCCC5EF-1598-4EBC-8F8B-74BD1DAD1E80}.Debug|iPhone.ActiveCfg = Debug|Any CPU
		{0BCCC5EF-1598-4EBC-8F8B-74BD1DAD1E80}.Debug|iPhone.Build.0 = Debug|Any CPU
		{0BCCC5EF-1598-4EBC-8F8B-74BD1DAD1E80}.Debug|iPhone.Deploy.0 = Debug|Any CPU
		{0BCCC5EF-1598-4EBC-8F8B-74BD1DAD1E80}.Debug|iPhoneSimulator.ActiveCfg = Debug|Any CPU
		{0BCCC5EF-1598-4EBC-8F8B-74BD1DAD1E80}.Debug|iPhoneSimulator.Build.0 = Debug|Any CPU
		{0BCCC5EF-1598-4EBC-8F8B-74BD1DAD1E80}.Debug|iPhoneSimulator.Deploy.0 = Debug|Any CPU
		{0BCCC5EF-1598-4EBC-8F8B-74BD1DAD1E80}.Release|Any CPU.ActiveCfg = Release|Any CPU
		{0BCCC5EF-1598-4EBC-8F8B-74BD1DAD1E80}.Release|Any CPU.Build.0 = Release|Any CPU
		{0BCCC5EF-1598-4EBC-8F8B-74BD1DAD1E80}.Release|Any CPU.Deploy.0 = Release|Any CPU
		{0BCCC5EF-1598-4EBC-8F8B-74BD1DAD1E80}.Release|iPhone.ActiveCfg = Release|Any CPU
		{0BCCC5EF-1598-4EBC-8F8B-74BD1DAD1E80}.Release|iPhone.Build.0 = Release|Any CPU
		{0BCCC5EF-1598-4EBC-8F8B-74BD1DAD1E80}.Release|iPhone.Deploy.0 = Release|Any CPU
		{0BCCC5EF-1598-4EBC-8F8B-74BD1DAD1E80}.Release|iPhoneSimulator.ActiveCfg = Release|Any CPU
		{0BCCC5EF-1598-4EBC-8F8B-74BD1DAD1E80}.Release|iPhoneSimulator.Build.0 = Release|Any CPU
		{0BCCC5EF-1598-4EBC-8F8B-74BD1DAD1E80}.Release|iPhoneSimulator.Deploy.0 = Release|Any CPU
		{2FBB224D-1252-4070-95EC-D7E33AC690BA}.Debug|Any CPU.ActiveCfg = Debug|iPhone
		{2FBB224D-1252-4070-95EC-D7E33AC690BA}.Debug|Any CPU.Build.0 = Debug|iPhone
		{2FBB224D-1252-4070-95EC-D7E33AC690BA}.Debug|Any CPU.Deploy.0 = Debug|iPhone
		{2FBB224D-1252-4070-95EC-D7E33AC690BA}.Debug|iPhone.ActiveCfg = Debug|iPhone
		{2FBB224D-1252-4070-95EC-D7E33AC690BA}.Debug|iPhone.Build.0 = Debug|iPhone
		{2FBB224D-1252-4070-95EC-D7E33AC690BA}.Debug|iPhone.Deploy.0 = Debug|iPhone
		{2FBB224D-1252-4070-95EC-D7E33AC690BA}.Debug|iPhoneSimulator.ActiveCfg = Debug|iPhoneSimulator
		{2FBB224D-1252-4070-95EC-D7E33AC690BA}.Debug|iPhoneSimulator.Build.0 = Debug|iPhoneSimulator
		{2FBB224D-1252-4070-95EC-D7E33AC690BA}.Debug|iPhoneSimulator.Deploy.0 = Debug|iPhoneSimulator
		{2FBB224D-1252-4070-95EC-D7E33AC690BA}.Release|Any CPU.ActiveCfg = Release|iPhoneSimulator
		{2FBB224D-1252-4070-95EC-D7E33AC690BA}.Release|Any CPU.Build.0 = Release|iPhoneSimulator
		{2FBB224D-1252-4070-95EC-D7E33AC690BA}.Release|Any CPU.Deploy.0 = Release|iPhoneSimulator
		{2FBB224D-1252-4070-95EC-D7E33AC690BA}.Release|iPhone.ActiveCfg = Release|iPhone
		{2FBB224D-1252-4070-95EC-D7E33AC690BA}.Release|iPhone.Build.0 = Release|iPhone
		{2FBB224D-1252-4070-95EC-D7E33AC690BA}.Release|iPhone.Deploy.0 = Release|iPhone
		{2FBB224D-1252-4070-95EC-D7E33AC690BA}.Release|iPhoneSimulator.ActiveCfg = Release|iPhoneSimulator
		{2FBB224D-1252-4070-95EC-D7E33AC690BA}.Release|iPhoneSimulator.Build.0 = Release|iPhoneSimulator
		{2FBB224D-1252-4070-95EC-D7E33AC690BA}.Release|iPhoneSimulator.Deploy.0 = Release|iPhoneSimulator
		{D3914833-7A0E-4717-B399-5B74005FC013}.Debug|Any CPU.ActiveCfg = Debug|Any CPU
		{D3914833-7A0E-4717-B399-5B74005FC013}.Debug|Any CPU.Build.0 = Debug|Any CPU
		{D3914833-7A0E-4717-B399-5B74005FC013}.Debug|Any CPU.Deploy.0 = Debug|Any CPU
		{D3914833-7A0E-4717-B399-5B74005FC013}.Debug|iPhone.ActiveCfg = Debug|Any CPU
		{D3914833-7A0E-4717-B399-5B74005FC013}.Debug|iPhone.Build.0 = Debug|Any CPU
		{D3914833-7A0E-4717-B399-5B74005FC013}.Debug|iPhone.Deploy.0 = Debug|Any CPU
		{D3914833-7A0E-4717-B399-5B74005FC013}.Debug|iPhoneSimulator.ActiveCfg = Debug|Any CPU
		{D3914833-7A0E-4717-B399-5B74005FC013}.Debug|iPhoneSimulator.Build.0 = Debug|Any CPU
		{D3914833-7A0E-4717-B399-5B74005FC013}.Debug|iPhoneSimulator.Deploy.0 = Debug|Any CPU
		{D3914833-7A0E-4717-B399-5B74005FC013}.Release|Any CPU.ActiveCfg = Release|Any CPU
		{D3914833-7A0E-4717-B399-5B74005FC013}.Release|Any CPU.Build.0 = Release|Any CPU
		{D3914833-7A0E-4717-B399-5B74005FC013}.Release|Any CPU.Deploy.0 = Release|Any CPU
		{D3914833-7A0E-4717-B399-5B74005FC013}.Release|iPhone.ActiveCfg = Release|Any CPU
		{D3914833-7A0E-4717-B399-5B74005FC013}.Release|iPhone.Build.0 = Release|Any CPU
		{D3914833-7A0E-4717-B399-5B74005FC013}.Release|iPhone.Deploy.0 = Release|Any CPU
		{D3914833-7A0E-4717-B399-5B74005FC013}.Release|iPhoneSimulator.ActiveCfg = Release|Any CPU
		{D3914833-7A0E-4717-B399-5B74005FC013}.Release|iPhoneSimulator.Build.0 = Release|Any CPU
		{D3914833-7A0E-4717-B399-5B74005FC013}.Release|iPhoneSimulator.Deploy.0 = Release|Any CPU
	EndGlobalSection
	GlobalSection(SolutionProperties) = preSolution
		HideSolutionNode = FALSE
	EndGlobalSection
	GlobalSection(ExtensibilityGlobals) = postSolution
		SolutionGuid = {F624A763-4891-4611-B05E-BE95E278FB3A}
	EndGlobalSection
EndGlobal
